
Microsoft Visual Studio Solution File, Format Version 12.00
# Visual Studio Version 16
VisualStudioVersion = 16.0.28803.156
MinimumVisualStudioVersion = 10.0.40219.1
Project("{8BC9CEB8-8B4A-11D0-8D11-00A0C91BC942}") = "2D4_sim", "2D4_sim.vcxproj", "{75A81D91-0A37-4267-B130-851C16A59F5E}"
EndProject
Project("{8BC9CEB8-8B4A-11D0-8D11-00A0C91BC942}") = "init_config_gen", "init_config_gen\init_config_gen.vcxproj", "{4234E9E2-9233-443B-A8DC-B66EDD59BBFD}"
EndProject
Project("{8BC9CEB8-8B4A-11D0-8D11-00A0C91BC942}") = "xpattern", "xpattern\xpattern.vcxproj", "{1D02CB03-A8BC-4A3F-B473-928BC866F2E5}"
EndProject
Project("{2150E333-8FDC-42A3-9474-1A3956D46DE8}") = "Solution Items", "Solution Items", "{A9A9DD76-A278-41B8-98C1-BCFF3D0D9603}"
	ProjectSection(SolutionItems) = preProject
		README.md = README.md
	EndProjectSection
EndProject
Project("{8BC9CEB8-8B4A-11D0-8D11-00A0C91BC942}") = "conf_compare", "conf_compare\conf_compare.vcxproj", "{CEBFB1FF-38F5-4C99-930E-5184455C6F55}"
EndProject
Project("{8BC9CEB8-8B4A-11D0-8D11-00A0C91BC942}") = "ieee_hyperbolic", "sandbox\ieee_hyperbolic\ieee_hyperbolic.vcxproj", "{E086F384-8B40-4D6A-8224-7B575B75DB1E}"
EndProject
Project("{2150E333-8FDC-42A3-9474-1A3956D46DE8}") = "sandbox", "sandbox", "{048A3F38-16C2-4A8A-9172-F6C36E2B335B}"
	ProjectSection(SolutionItems) = preProject
		sandbox\README.md = sandbox\README.md
	EndProjectSection
EndProject
Project("{8BC9CEB8-8B4A-11D0-8D11-00A0C91BC942}") = "merge_data_func", "sandbox\merge_data_func\merge_data_func.vcxproj", "{FE11BCAF-557E-4558-B891-915105E9B221}"
EndProject
Project("{8BC9CEB8-8B4A-11D0-8D11-00A0C91BC942}") = "localization", "localization\localization.vcxproj", "{1585C4F8-43C9-4BD7-971B-3B7C9E2FFF46}"
EndProject
Project("{8BC9CEB8-8B4A-11D0-8D11-00A0C91BC942}") = "fourier_transform", "sandbox\fourier_transform\fourier_transform.vcxproj", "{95EAD912-9D0B-4D31-BACA-54FFD7D29C5D}"
EndProject
Global
	GlobalSection(SolutionConfigurationPlatforms) = preSolution
		Debug|x64 = Debug|x64
		Debug|x86 = Debug|x86
		Release|x64 = Release|x64
		Release|x86 = Release|x86
	EndGlobalSection
	GlobalSection(ProjectConfigurationPlatforms) = postSolution
		{75A81D91-0A37-4267-B130-851C16A59F5E}.Debug|x64.ActiveCfg = Debug|x64
		{75A81D91-0A37-4267-B130-851C16A59F5E}.Debug|x64.Build.0 = Debug|x64
		{75A81D91-0A37-4267-B130-851C16A59F5E}.Debug|x86.ActiveCfg = Debug|x64
		{75A81D91-0A37-4267-B130-851C16A59F5E}.Release|x64.ActiveCfg = Release|x64
		{75A81D91-0A37-4267-B130-851C16A59F5E}.Release|x64.Build.0 = Release|x64
		{75A81D91-0A37-4267-B130-851C16A59F5E}.Release|x86.ActiveCfg = Release|x64
		{4234E9E2-9233-443B-A8DC-B66EDD59BBFD}.Debug|x64.ActiveCfg = Debug|x64
		{4234E9E2-9233-443B-A8DC-B66EDD59BBFD}.Debug|x64.Build.0 = Debug|x64
		{4234E9E2-9233-443B-A8DC-B66EDD59BBFD}.Debug|x86.ActiveCfg = Debug|x64
		{4234E9E2-9233-443B-A8DC-B66EDD59BBFD}.Release|x64.ActiveCfg = Release|x64
		{4234E9E2-9233-443B-A8DC-B66EDD59BBFD}.Release|x64.Build.0 = Release|x64
		{4234E9E2-9233-443B-A8DC-B66EDD59BBFD}.Release|x86.ActiveCfg = Release|x64
		{1D02CB03-A8BC-4A3F-B473-928BC866F2E5}.Debug|x64.ActiveCfg = Debug|x64
		{1D02CB03-A8BC-4A3F-B473-928BC866F2E5}.Debug|x64.Build.0 = Debug|x64
		{1D02CB03-A8BC-4A3F-B473-928BC866F2E5}.Debug|x86.ActiveCfg = Debug|x64
		{1D02CB03-A8BC-4A3F-B473-928BC866F2E5}.Release|x64.ActiveCfg = Release|x64
		{1D02CB03-A8BC-4A3F-B473-928BC866F2E5}.Release|x64.Build.0 = Release|x64
		{1D02CB03-A8BC-4A3F-B473-928BC866F2E5}.Release|x86.ActiveCfg = Release|x64
		{CEBFB1FF-38F5-4C99-930E-5184455C6F55}.Debug|x64.ActiveCfg = Debug|x64
		{CEBFB1FF-38F5-4C99-930E-5184455C6F55}.Debug|x64.Build.0 = Debug|x64
		{CEBFB1FF-38F5-4C99-930E-5184455C6F55}.Debug|x86.ActiveCfg = Debug|Win32
		{CEBFB1FF-38F5-4C99-930E-5184455C6F55}.Debug|x86.Build.0 = Debug|Win32
		{CEBFB1FF-38F5-4C99-930E-5184455C6F55}.Release|x64.ActiveCfg = Release|x64
		{CEBFB1FF-38F5-4C99-930E-5184455C6F55}.Release|x64.Build.0 = Release|x64
		{CEBFB1FF-38F5-4C99-930E-5184455C6F55}.Release|x86.ActiveCfg = Release|Win32
		{CEBFB1FF-38F5-4C99-930E-5184455C6F55}.Release|x86.Build.0 = Release|Win32
		{E086F384-8B40-4D6A-8224-7B575B75DB1E}.Debug|x64.ActiveCfg = Debug|x64
		{E086F384-8B40-4D6A-8224-7B575B75DB1E}.Debug|x64.Build.0 = Debug|x64
		{E086F384-8B40-4D6A-8224-7B575B75DB1E}.Debug|x86.ActiveCfg = Debug|Win32
		{E086F384-8B40-4D6A-8224-7B575B75DB1E}.Debug|x86.Build.0 = Debug|Win32
		{E086F384-8B40-4D6A-8224-7B575B75DB1E}.Release|x64.ActiveCfg = Release|x64
		{E086F384-8B40-4D6A-8224-7B575B75DB1E}.Release|x64.Build.0 = Release|x64
		{E086F384-8B40-4D6A-8224-7B575B75DB1E}.Release|x86.ActiveCfg = Release|Win32
		{E086F384-8B40-4D6A-8224-7B575B75DB1E}.Release|x86.Build.0 = Release|Win32
		{FE11BCAF-557E-4558-B891-915105E9B221}.Debug|x64.ActiveCfg = Debug|x64
		{FE11BCAF-557E-4558-B891-915105E9B221}.Debug|x64.Build.0 = Debug|x64
		{FE11BCAF-557E-4558-B891-915105E9B221}.Debug|x86.ActiveCfg = Debug|Win32
		{FE11BCAF-557E-4558-B891-915105E9B221}.Debug|x86.Build.0 = Debug|Win32
		{FE11BCAF-557E-4558-B891-915105E9B221}.Release|x64.ActiveCfg = Release|x64
		{FE11BCAF-557E-4558-B891-915105E9B221}.Release|x64.Build.0 = Release|x64
		{FE11BCAF-557E-4558-B891-915105E9B221}.Release|x86.ActiveCfg = Release|Win32
		{FE11BCAF-557E-4558-B891-915105E9B221}.Release|x86.Build.0 = Release|Win32
		{1585C4F8-43C9-4BD7-971B-3B7C9E2FFF46}.Debug|x64.ActiveCfg = Debug|x64
		{1585C4F8-43C9-4BD7-971B-3B7C9E2FFF46}.Debug|x64.Build.0 = Debug|x64
		{1585C4F8-43C9-4BD7-971B-3B7C9E2FFF46}.Debug|x86.ActiveCfg = Debug|Win32
		{1585C4F8-43C9-4BD7-971B-3B7C9E2FFF46}.Debug|x86.Build.0 = Debug|Win32
		{1585C4F8-43C9-4BD7-971B-3B7C9E2FFF46}.Release|x64.ActiveCfg = Release|x64
		{1585C4F8-43C9-4BD7-971B-3B7C9E2FFF46}.Release|x64.Build.0 = Release|x64
		{1585C4F8-43C9-4BD7-971B-3B7C9E2FFF46}.Release|x86.ActiveCfg = Release|Win32
		{1585C4F8-43C9-4BD7-971B-3B7C9E2FFF46}.Release|x86.Build.0 = Release|Win32
		{95EAD912-9D0B-4D31-BACA-54FFD7D29C5D}.Debug|x64.ActiveCfg = Debug|x64
		{95EAD912-9D0B-4D31-BACA-54FFD7D29C5D}.Debug|x64.Build.0 = Debug|x64
		{95EAD912-9D0B-4D31-BACA-54FFD7D29C5D}.Debug|x86.ActiveCfg = Debug|Win32
		{95EAD912-9D0B-4D31-BACA-54FFD7D29C5D}.Debug|x86.Build.0 = Debug|Win32
		{95EAD912-9D0B-4D31-BACA-54FFD7D29C5D}.Release|x64.ActiveCfg = Release|x64
		{95EAD912-9D0B-4D31-BACA-54FFD7D29C5D}.Release|x64.Build.0 = Release|x64
		{95EAD912-9D0B-4D31-BACA-54FFD7D29C5D}.Release|x86.ActiveCfg = Release|Win32
		{95EAD912-9D0B-4D31-BACA-54FFD7D29C5D}.Release|x86.Build.0 = Release|Win32
	EndGlobalSection
	GlobalSection(SolutionProperties) = preSolution
		HideSolutionNode = FALSE
	EndGlobalSection
	GlobalSection(NestedProjects) = preSolution
		{E086F384-8B40-4D6A-8224-7B575B75DB1E} = {048A3F38-16C2-4A8A-9172-F6C36E2B335B}
		{FE11BCAF-557E-4558-B891-915105E9B221} = {048A3F38-16C2-4A8A-9172-F6C36E2B335B}
		{95EAD912-9D0B-4D31-BACA-54FFD7D29C5D} = {048A3F38-16C2-4A8A-9172-F6C36E2B335B}
	EndGlobalSection
	GlobalSection(ExtensibilityGlobals) = postSolution
		SolutionGuid = {1160B3E2-E24B-4F5E-9924-2AA7FD6AB9C0}
	EndGlobalSection
EndGlobal
